
Microsoft Visual Studio Solution File, Format Version 12.00
# Visual Studio Version 16
VisualStudioVersion = 16.0.29806.167
MinimumVisualStudioVersion = 10.0.40219.1
Project("{00D1A9C2-B5F0-4AF3-8072-F6C62B433612}") = "ZrakStore.Database", "ZrakStore.Database\ZrakStore.Database.sqlproj", "{4D973271-EAA8-4B93-8988-F9F4F6C20A80}"
EndProject
Project("{FAE04EC0-301F-11D3-BF4B-00C04F79EFBC}") = "ZrakStore.Data", "ZrakStore.Data\ZrakStore.Data.csproj", "{DC909BD4-5230-4514-8C23-D205A9258334}"
EndProject
Project("{FAE04EC0-301F-11D3-BF4B-00C04F79EFBC}") = "ZrakStore.Services", "ZrakStore.Services\ZrakStore.Services.csproj", "{9097F1A9-9282-48AA-8641-0C96B800B0F2}"
EndProject
Project("{FAE04EC0-301F-11D3-BF4B-00C04F79EFBC}") = "ZrakStore.Core", "ZrakStore.Core\ZrakStore.Core.csproj", "{EEB874FE-CD79-4F7C-AF8F-2B3567761130}"
EndProject
Global
	GlobalSection(SolutionConfigurationPlatforms) = preSolution
		Debug|Any CPU = Debug|Any CPU
		Release|Any CPU = Release|Any CPU
	EndGlobalSection
	GlobalSection(ProjectConfigurationPlatforms) = postSolution
		{4D973271-EAA8-4B93-8988-F9F4F6C20A80}.Debug|Any CPU.ActiveCfg = Debug|Any CPU
		{4D973271-EAA8-4B93-8988-F9F4F6C20A80}.Debug|Any CPU.Build.0 = Debug|Any CPU
		{4D973271-EAA8-4B93-8988-F9F4F6C20A80}.Debug|Any CPU.Deploy.0 = Debug|Any CPU
		{4D973271-EAA8-4B93-8988-F9F4F6C20A80}.Release|Any CPU.ActiveCfg = Release|Any CPU
		{4D973271-EAA8-4B93-8988-F9F4F6C20A80}.Release|Any CPU.Build.0 = Release|Any CPU
		{4D973271-EAA8-4B93-8988-F9F4F6C20A80}.Release|Any CPU.Deploy.0 = Release|Any CPU
		{DC909BD4-5230-4514-8C23-D205A9258334}.Debug|Any CPU.ActiveCfg = Debug|Any CPU
		{DC909BD4-5230-4514-8C23-D205A9258334}.Debug|Any CPU.Build.0 = Debug|Any CPU
		{DC909BD4-5230-4514-8C23-D205A9258334}.Release|Any CPU.ActiveCfg = Release|Any CPU
		{DC909BD4-5230-4514-8C23-D205A9258334}.Release|Any CPU.Build.0 = Release|Any CPU
		{9097F1A9-9282-48AA-8641-0C96B800B0F2}.Debug|Any CPU.ActiveCfg = Debug|Any CPU
		{9097F1A9-9282-48AA-8641-0C96B800B0F2}.Debug|Any CPU.Build.0 = Debug|Any CPU
		{9097F1A9-9282-48AA-8641-0C96B800B0F2}.Release|Any CPU.ActiveCfg = Release|Any CPU
		{9097F1A9-9282-48AA-8641-0C96B800B0F2}.Release|Any CPU.Build.0 = Release|Any CPU
		{EEB874FE-CD79-4F7C-AF8F-2B3567761130}.Debug|Any CPU.ActiveCfg = Debug|Any CPU
		{EEB874FE-CD79-4F7C-AF8F-2B3567761130}.Debug|Any CPU.Build.0 = Debug|Any CPU
		{EEB874FE-CD79-4F7C-AF8F-2B3567761130}.Release|Any CPU.ActiveCfg = Release|Any CPU
		{EEB874FE-CD79-4F7C-AF8F-2B3567761130}.Release|Any CPU.Build.0 = Release|Any CPU
	EndGlobalSection
	GlobalSection(SolutionProperties) = preSolution
		HideSolutionNode = FALSE
	EndGlobalSection
	GlobalSection(ExtensibilityGlobals) = postSolution
		SolutionGuid = {EE6A012D-3E57-4AB6-9D35-C37F0D634DE1}
	EndGlobalSection
EndGlobal
